
Microsoft Visual Studio Solution File, Format Version 12.00
# Visual Studio Version 16
VisualStudioVersion = 16.0.30907.101
MinimumVisualStudioVersion = 10.0.40219.1
Project("{FAE04EC0-301F-11D3-BF4B-00C04F79EFBC}") = "QRcode", "QRcode.csproj", "{DC959AE6-1986-48F4-9841-49F2BF128E0C}"
EndProject
Global
	GlobalSection(SolutionConfigurationPlatforms) = preSolution
		Debug|Any CPU = Debug|Any CPU
		Release|Any CPU = Release|Any CPU
	EndGlobalSection
	GlobalSection(ProjectConfigurationPlatforms) = postSolution
		{DC959AE6-1986-48F4-9841-49F2BF128E0C}.Debug|Any CPU.ActiveCfg = Debug|Any CPU
		{DC959AE6-1986-48F4-9841-49F2BF128E0C}.Debug|Any CPU.Build.0 = Debug|Any CPU
		{DC959AE6-1986-48F4-9841-49F2BF128E0C}.Release|Any CPU.ActiveCfg = Release|Any CPU
		{DC959AE6-1986-48F4-9841-49F2BF128E0C}.Release|Any CPU.Build.0 = Release|Any CPU
	EndGlobalSection
	GlobalSection(SolutionProperties) = preSolution
		HideSolutionNode = FALSE
	EndGlobalSection
	GlobalSection(ExtensibilityGlobals) = postSolution
		SolutionGuid = {B615D847-A8CC-480F-B2D5-3D84409DA44F}
	EndGlobalSection
EndGlobal
